
Microsoft Visual Studio Solution File, Format Version 12.00
# Visual Studio 14
VisualStudioVersion = 14.0.25123.0
MinimumVisualStudioVersion = 10.0.40219.1
Project("{FAE04EC0-301F-11D3-BF4B-00C04F79EFBC}") = "POF", "POF\POF.csproj", "{A2A66273-5F03-4ED7-95AB-A3BFCD0D22AE}"
EndProject
Project("{FAE04EC0-301F-11D3-BF4B-00C04F79EFBC}") = "POF.Shared", "POF.Shared\POF.Shared.csproj", "{880DAE10-CBB4-433E-98C2-96A8D01FBD54}"
EndProject
Project("{FAE04EC0-301F-11D3-BF4B-00C04F79EFBC}") = "POF.Models", "POF.Models\POF.Models.csproj", "{40F8AEB5-1DA7-48A2-931A-34D00793E4AE}"
EndProject
Project("{FAE04EC0-301F-11D3-BF4B-00C04F79EFBC}") = "POF.ViewModels", "POF.ViewModels\POF.ViewModels.csproj", "{913AACE1-A1E3-47CE-87D2-EE2434978577}"
EndProject
Project("{FAE04EC0-301F-11D3-BF4B-00C04F79EFBC}") = "POF.Tests", "POF.Tests\POF.Tests.csproj", "{0809AAA7-624C-42A1-8579-BD6BA322DCCE}"
EndProject
Project("{FAE04EC0-301F-11D3-BF4B-00C04F79EFBC}") = "POF.NextAlarm", "POF.NextAlarm\POF.NextAlarm.csproj", "{C1E35434-DD50-4940-8A98-4C8289491EAC}"
EndProject
Project("{FAE04EC0-301F-11D3-BF4B-00C04F79EFBC}") = "POF.Games", "POF.Games\POF.Games.csproj", "{0E897B0D-AD43-4674-9562-17B729906B42}"
EndProject
Global
	GlobalSection(SolutionConfigurationPlatforms) = preSolution
		Debug|Any CPU = Debug|Any CPU
		Debug|ARM = Debug|ARM
		Debug|x64 = Debug|x64
		Debug|x86 = Debug|x86
		Release|Any CPU = Release|Any CPU
		Release|ARM = Release|ARM
		Release|x64 = Release|x64
		Release|x86 = Release|x86
	EndGlobalSection
	GlobalSection(ProjectConfigurationPlatforms) = postSolution
		{A2A66273-5F03-4ED7-95AB-A3BFCD0D22AE}.Debug|Any CPU.ActiveCfg = Debug|x86
		{A2A66273-5F03-4ED7-95AB-A3BFCD0D22AE}.Debug|Any CPU.Deploy.0 = Debug|x86
		{A2A66273-5F03-4ED7-95AB-A3BFCD0D22AE}.Debug|ARM.ActiveCfg = Debug|ARM
		{A2A66273-5F03-4ED7-95AB-A3BFCD0D22AE}.Debug|ARM.Build.0 = Debug|ARM
		{A2A66273-5F03-4ED7-95AB-A3BFCD0D22AE}.Debug|ARM.Deploy.0 = Debug|ARM
		{A2A66273-5F03-4ED7-95AB-A3BFCD0D22AE}.Debug|x64.ActiveCfg = Debug|x64
		{A2A66273-5F03-4ED7-95AB-A3BFCD0D22AE}.Debug|x64.Build.0 = Debug|x64
		{A2A66273-5F03-4ED7-95AB-A3BFCD0D22AE}.Debug|x64.Deploy.0 = Debug|x64
		{A2A66273-5F03-4ED7-95AB-A3BFCD0D22AE}.Debug|x86.ActiveCfg = Debug|x86
		{A2A66273-5F03-4ED7-95AB-A3BFCD0D22AE}.Debug|x86.Build.0 = Debug|x86
		{A2A66273-5F03-4ED7-95AB-A3BFCD0D22AE}.Debug|x86.Deploy.0 = Debug|x86
		{A2A66273-5F03-4ED7-95AB-A3BFCD0D22AE}.Release|Any CPU.ActiveCfg = Release|x86
		{A2A66273-5F03-4ED7-95AB-A3BFCD0D22AE}.Release|ARM.ActiveCfg = Release|ARM
		{A2A66273-5F03-4ED7-95AB-A3BFCD0D22AE}.Release|ARM.Build.0 = Release|ARM
		{A2A66273-5F03-4ED7-95AB-A3BFCD0D22AE}.Release|ARM.Deploy.0 = Release|ARM
		{A2A66273-5F03-4ED7-95AB-A3BFCD0D22AE}.Release|x64.ActiveCfg = Release|x64
		{A2A66273-5F03-4ED7-95AB-A3BFCD0D22AE}.Release|x64.Build.0 = Release|x64
		{A2A66273-5F03-4ED7-95AB-A3BFCD0D22AE}.Release|x64.Deploy.0 = Release|x64
		{A2A66273-5F03-4ED7-95AB-A3BFCD0D22AE}.Release|x86.ActiveCfg = Release|x86
		{A2A66273-5F03-4ED7-95AB-A3BFCD0D22AE}.Release|x86.Build.0 = Release|x86
		{A2A66273-5F03-4ED7-95AB-A3BFCD0D22AE}.Release|x86.Deploy.0 = Release|x86
		{880DAE10-CBB4-433E-98C2-96A8D01FBD54}.Debug|Any CPU.ActiveCfg = Debug|Any CPU
		{880DAE10-CBB4-433E-98C2-96A8D01FBD54}.Debug|Any CPU.Build.0 = Debug|Any CPU
		{880DAE10-CBB4-433E-98C2-96A8D01FBD54}.Debug|ARM.ActiveCfg = Debug|ARM
		{880DAE10-CBB4-433E-98C2-96A8D01FBD54}.Debug|ARM.Build.0 = Debug|ARM
		{880DAE10-CBB4-433E-98C2-96A8D01FBD54}.Debug|x64.ActiveCfg = Debug|x64
		{880DAE10-CBB4-433E-98C2-96A8D01FBD54}.Debug|x64.Build.0 = Debug|x64
		{880DAE10-CBB4-433E-98C2-96A8D01FBD54}.Debug|x86.ActiveCfg = Debug|x86
		{880DAE10-CBB4-433E-98C2-96A8D01FBD54}.Debug|x86.Build.0 = Debug|x86
		{880DAE10-CBB4-433E-98C2-96A8D01FBD54}.Release|Any CPU.ActiveCfg = Release|Any CPU
		{880DAE10-CBB4-433E-98C2-96A8D01FBD54}.Release|Any CPU.Build.0 = Release|Any CPU
		{880DAE10-CBB4-433E-98C2-96A8D01FBD54}.Release|ARM.ActiveCfg = Release|ARM
		{880DAE10-CBB4-433E-98C2-96A8D01FBD54}.Release|ARM.Build.0 = Release|ARM
		{880DAE10-CBB4-433E-98C2-96A8D01FBD54}.Release|x64.ActiveCfg = Release|x64
		{880DAE10-CBB4-433E-98C2-96A8D01FBD54}.Release|x64.Build.0 = Release|x64
		{880DAE10-CBB4-433E-98C2-96A8D01FBD54}.Release|x86.ActiveCfg = Release|x86
		{880DAE10-CBB4-433E-98C2-96A8D01FBD54}.Release|x86.Build.0 = Release|x86
		{40F8AEB5-1DA7-48A2-931A-34D00793E4AE}.Debug|Any CPU.ActiveCfg = Debug|Any CPU
		{40F8AEB5-1DA7-48A2-931A-34D00793E4AE}.Debug|Any CPU.Build.0 = Debug|Any CPU
		{40F8AEB5-1DA7-48A2-931A-34D00793E4AE}.Debug|ARM.ActiveCfg = Debug|ARM
		{40F8AEB5-1DA7-48A2-931A-34D00793E4AE}.Debug|ARM.Build.0 = Debug|ARM
		{40F8AEB5-1DA7-48A2-931A-34D00793E4AE}.Debug|x64.ActiveCfg = Debug|x64
		{40F8AEB5-1DA7-48A2-931A-34D00793E4AE}.Debug|x64.Build.0 = Debug|x64
		{40F8AEB5-1DA7-48A2-931A-34D00793E4AE}.Debug|x86.ActiveCfg = Debug|x86
		{40F8AEB5-1DA7-48A2-931A-34D00793E4AE}.Debug|x86.Build.0 = Debug|x86
		{40F8AEB5-1DA7-48A2-931A-34D00793E4AE}.Release|Any CPU.ActiveCfg = Release|Any CPU
		{40F8AEB5-1DA7-48A2-931A-34D00793E4AE}.Release|Any CPU.Build.0 = Release|Any CPU
		{40F8AEB5-1DA7-48A2-931A-34D00793E4AE}.Release|ARM.ActiveCfg = Release|ARM
		{40F8AEB5-1DA7-48A2-931A-34D00793E4AE}.Release|ARM.Build.0 = Release|ARM
		{40F8AEB5-1DA7-48A2-931A-34D00793E4AE}.Release|x64.ActiveCfg = Release|x64
		{40F8AEB5-1DA7-48A2-931A-34D00793E4AE}.Release|x64.Build.0 = Release|x64
		{40F8AEB5-1DA7-48A2-931A-34D00793E4AE}.Release|x86.ActiveCfg = Release|x86
		{40F8AEB5-1DA7-48A2-931A-34D00793E4AE}.Release|x86.Build.0 = Release|x86
		{913AACE1-A1E3-47CE-87D2-EE2434978577}.Debug|Any CPU.ActiveCfg = Debug|Any CPU
		{913AACE1-A1E3-47CE-87D2-EE2434978577}.Debug|Any CPU.Build.0 = Debug|Any CPU
		{913AACE1-A1E3-47CE-87D2-EE2434978577}.Debug|ARM.ActiveCfg = Debug|ARM
		{913AACE1-A1E3-47CE-87D2-EE2434978577}.Debug|ARM.Build.0 = Debug|ARM
		{913AACE1-A1E3-47CE-87D2-EE2434978577}.Debug|x64.ActiveCfg = Debug|x64
		{913AACE1-A1E3-47CE-87D2-EE2434978577}.Debug|x64.Build.0 = Debug|x64
		{913AACE1-A1E3-47CE-87D2-EE2434978577}.Debug|x86.ActiveCfg = Debug|x86
		{913AACE1-A1E3-47CE-87D2-EE2434978577}.Debug|x86.Build.0 = Debug|x86
		{913AACE1-A1E3-47CE-87D2-EE2434978577}.Release|Any CPU.ActiveCfg = Release|Any CPU
		{913AACE1-A1E3-47CE-87D2-EE2434978577}.Release|Any CPU.Build.0 = Release|Any CPU
		{913AACE1-A1E3-47CE-87D2-EE2434978577}.Release|ARM.ActiveCfg = Release|ARM
		{913AACE1-A1E3-47CE-87D2-EE2434978577}.Release|ARM.Build.0 = Release|ARM
		{913AACE1-A1E3-47CE-87D2-EE2434978577}.Release|x64.ActiveCfg = Release|x64
		{913AACE1-A1E3-47CE-87D2-EE2434978577}.Release|x64.Build.0 = Release|x64
		{913AACE1-A1E3-47CE-87D2-EE2434978577}.Release|x86.ActiveCfg = Release|x86
		{913AACE1-A1E3-47CE-87D2-EE2434978577}.Release|x86.Build.0 = Release|x86
		{0809AAA7-624C-42A1-8579-BD6BA322DCCE}.Debug|Any CPU.ActiveCfg = Debug|x86
		{0809AAA7-624C-42A1-8579-BD6BA322DCCE}.Debug|ARM.ActiveCfg = Debug|ARM
		{0809AAA7-624C-42A1-8579-BD6BA322DCCE}.Debug|ARM.Build.0 = Debug|ARM
		{0809AAA7-624C-42A1-8579-BD6BA322DCCE}.Debug|ARM.Deploy.0 = Debug|ARM
		{0809AAA7-624C-42A1-8579-BD6BA322DCCE}.Debug|x64.ActiveCfg = Debug|x64
		{0809AAA7-624C-42A1-8579-BD6BA322DCCE}.Debug|x64.Build.0 = Debug|x64
		{0809AAA7-624C-42A1-8579-BD6BA322DCCE}.Debug|x64.Deploy.0 = Debug|x64
		{0809AAA7-624C-42A1-8579-BD6BA322DCCE}.Debug|x86.ActiveCfg = Debug|x86
		{0809AAA7-624C-42A1-8579-BD6BA322DCCE}.Debug|x86.Build.0 = Debug|x86
		{0809AAA7-624C-42A1-8579-BD6BA322DCCE}.Debug|x86.Deploy.0 = Debug|x86
		{0809AAA7-624C-42A1-8579-BD6BA322DCCE}.Release|Any CPU.ActiveCfg = Release|x86
		{0809AAA7-624C-42A1-8579-BD6BA322DCCE}.Release|ARM.ActiveCfg = Release|ARM
		{0809AAA7-624C-42A1-8579-BD6BA322DCCE}.Release|ARM.Build.0 = Release|ARM
		{0809AAA7-624C-42A1-8579-BD6BA322DCCE}.Release|ARM.Deploy.0 = Release|ARM
		{0809AAA7-624C-42A1-8579-BD6BA322DCCE}.Release|x64.ActiveCfg = Release|x64
		{0809AAA7-624C-42A1-8579-BD6BA322DCCE}.Release|x64.Build.0 = Release|x64
		{0809AAA7-624C-42A1-8579-BD6BA322DCCE}.Release|x64.Deploy.0 = Release|x64
		{0809AAA7-624C-42A1-8579-BD6BA322DCCE}.Release|x86.ActiveCfg = Release|x86
		{0809AAA7-624C-42A1-8579-BD6BA322DCCE}.Release|x86.Build.0 = Release|x86
		{0809AAA7-624C-42A1-8579-BD6BA322DCCE}.Release|x86.Deploy.0 = Release|x86
		{C1E35434-DD50-4940-8A98-4C8289491EAC}.Debug|Any CPU.ActiveCfg = Debug|Any CPU
		{C1E35434-DD50-4940-8A98-4C8289491EAC}.Debug|Any CPU.Build.0 = Debug|Any CPU
		{C1E35434-DD50-4940-8A98-4C8289491EAC}.Debug|ARM.ActiveCfg = Debug|Any CPU
		{C1E35434-DD50-4940-8A98-4C8289491EAC}.Debug|ARM.Build.0 = Debug|Any CPU
		{C1E35434-DD50-4940-8A98-4C8289491EAC}.Debug|x64.ActiveCfg = Debug|Any CPU
		{C1E35434-DD50-4940-8A98-4C8289491EAC}.Debug|x64.Build.0 = Debug|Any CPU
		{C1E35434-DD50-4940-8A98-4C8289491EAC}.Debug|x86.ActiveCfg = Debug|Any CPU
		{C1E35434-DD50-4940-8A98-4C8289491EAC}.Debug|x86.Build.0 = Debug|Any CPU
		{C1E35434-DD50-4940-8A98-4C8289491EAC}.Release|Any CPU.ActiveCfg = Release|Any CPU
		{C1E35434-DD50-4940-8A98-4C8289491EAC}.Release|Any CPU.Build.0 = Release|Any CPU
		{C1E35434-DD50-4940-8A98-4C8289491EAC}.Release|ARM.ActiveCfg = Release|Any CPU
		{C1E35434-DD50-4940-8A98-4C8289491EAC}.Release|ARM.Build.0 = Release|Any CPU
		{C1E35434-DD50-4940-8A98-4C8289491EAC}.Release|x64.ActiveCfg = Release|Any CPU
		{C1E35434-DD50-4940-8A98-4C8289491EAC}.Release|x64.Build.0 = Release|Any CPU
		{C1E35434-DD50-4940-8A98-4C8289491EAC}.Release|x86.ActiveCfg = Release|Any CPU
		{C1E35434-DD50-4940-8A98-4C8289491EAC}.Release|x86.Build.0 = Release|Any CPU
		{0E897B0D-AD43-4674-9562-17B729906B42}.Debug|Any CPU.ActiveCfg = Debug|x86
		{0E897B0D-AD43-4674-9562-17B729906B42}.Debug|ARM.ActiveCfg = Debug|ARM
		{0E897B0D-AD43-4674-9562-17B729906B42}.Debug|ARM.Build.0 = Debug|ARM
		{0E897B0D-AD43-4674-9562-17B729906B42}.Debug|ARM.Deploy.0 = Debug|ARM
		{0E897B0D-AD43-4674-9562-17B729906B42}.Debug|x64.ActiveCfg = Debug|x64
		{0E897B0D-AD43-4674-9562-17B729906B42}.Debug|x64.Build.0 = Debug|x64
		{0E897B0D-AD43-4674-9562-17B729906B42}.Debug|x64.Deploy.0 = Debug|x64
		{0E897B0D-AD43-4674-9562-17B729906B42}.Debug|x86.ActiveCfg = Debug|x86
		{0E897B0D-AD43-4674-9562-17B729906B42}.Debug|x86.Build.0 = Debug|x86
		{0E897B0D-AD43-4674-9562-17B729906B42}.Debug|x86.Deploy.0 = Debug|x86
		{0E897B0D-AD43-4674-9562-17B729906B42}.Release|Any CPU.ActiveCfg = Release|x86
		{0E897B0D-AD43-4674-9562-17B729906B42}.Release|ARM.ActiveCfg = Release|ARM
		{0E897B0D-AD43-4674-9562-17B729906B42}.Release|ARM.Build.0 = Release|ARM
		{0E897B0D-AD43-4674-9562-17B729906B42}.Release|ARM.Deploy.0 = Release|ARM
		{0E897B0D-AD43-4674-9562-17B729906B42}.Release|x64.ActiveCfg = Release|x64
		{0E897B0D-AD43-4674-9562-17B729906B42}.Release|x64.Build.0 = Release|x64
		{0E897B0D-AD43-4674-9562-17B729906B42}.Release|x64.Deploy.0 = Release|x64
		{0E897B0D-AD43-4674-9562-17B729906B42}.Release|x86.ActiveCfg = Release|x86
		{0E897B0D-AD43-4674-9562-17B729906B42}.Release|x86.Build.0 = Release|x86
		{0E897B0D-AD43-4674-9562-17B729906B42}.Release|x86.Deploy.0 = Release|x86
	EndGlobalSection
	GlobalSection(SolutionProperties) = preSolution
		HideSolutionNode = FALSE
	EndGlobalSection
EndGlobal
